// !$*UTF8*$!
{
	archiveVersion = 1;
	classes = {
	};
	objectVersion = 46;
	objects = {

/* Begin PBXBuildFile section */
		01EDF8A8E374A0D612CEE5E2 /* libPods-MyAnaliticsUITests.a in Frameworks */ = {isa = PBXBuildFile; fileRef = FA2318791FC61D438C7E04EE /* libPods-MyAnaliticsUITests.a */; };
		09E1678084BEBBEFC8273C2B /* libPods-MyAnalitics.a in Frameworks */ = {isa = PBXBuildFile; fileRef = 2A58BC4FB956E047F6667FBC /* libPods-MyAnalitics.a */; };
		AEE097674E693339DFCAA104 /* libPods-MyAnaliticsTests.a in Frameworks */ = {isa = PBXBuildFile; fileRef = 0743AF1370FD3577199CC046 /* libPods-MyAnaliticsTests.a */; };
		D74A027C1FA154FE00C95CA7 /* main.m in Sources */ = {isa = PBXBuildFile; fileRef = D74A027B1FA154FE00C95CA7 /* main.m */; };
		D74A027F1FA154FE00C95CA7 /* AppDelegate.m in Sources */ = {isa = PBXBuildFile; fileRef = D74A027E1FA154FE00C95CA7 /* AppDelegate.m */; };
		D74A02821FA154FE00C95CA7 /* Home.m in Sources */ = {isa = PBXBuildFile; fileRef = D74A02811FA154FE00C95CA7 /* Home.m */; };
		D74A02851FA154FE00C95CA7 /* Main.storyboard in Resources */ = {isa = PBXBuildFile; fileRef = D74A02831FA154FE00C95CA7 /* Main.storyboard */; };
		D74A02871FA154FE00C95CA7 /* Assets.xcassets in Resources */ = {isa = PBXBuildFile; fileRef = D74A02861FA154FE00C95CA7 /* Assets.xcassets */; };
		D74A028A1FA154FE00C95CA7 /* LaunchScreen.storyboard in Resources */ = {isa = PBXBuildFile; fileRef = D74A02881FA154FE00C95CA7 /* LaunchScreen.storyboard */; };
		D74A02951FA154FF00C95CA7 /* MyAnaliticsTests.m in Sources */ = {isa = PBXBuildFile; fileRef = D74A02941FA154FF00C95CA7 /* MyAnaliticsTests.m */; };
		D74A02A01FA154FF00C95CA7 /* MyAnaliticsUITests.m in Sources */ = {isa = PBXBuildFile; fileRef = D74A029F1FA154FF00C95CA7 /* MyAnaliticsUITests.m */; };
		D7FAF2501FA158E300AFD5AA /* GoogleService-Info.plist in Resources */ = {isa = PBXBuildFile; fileRef = D7FAF24F1FA158E300AFD5AA /* GoogleService-Info.plist */; };
/* End PBXBuildFile section */

/* Begin PBXContainerItemProxy section */
		D74A02911FA154FF00C95CA7 /* PBXContainerItemProxy */ = {
			isa = PBXContainerItemProxy;
			containerPortal = D74A026F1FA154FE00C95CA7 /* Project object */;
			proxyType = 1;
			remoteGlobalIDString = D74A02761FA154FE00C95CA7;
			remoteInfo = MyAnalitics;
		};
		D74A029C1FA154FF00C95CA7 /* PBXContainerItemProxy */ = {
			isa = PBXContainerItemProxy;
			containerPortal = D74A026F1FA154FE00C95CA7 /* Project object */;
			proxyType = 1;
			remoteGlobalIDString = D74A02761FA154FE00C95CA7;
			remoteInfo = MyAnalitics;
		};
/* End PBXContainerItemProxy section */

/* Begin PBXFileReference section */
		0743AF1370FD3577199CC046 /* libPods-MyAnaliticsTests.a */ = {isa = PBXFileReference; explicitFileType = archive.ar; includeInIndex = 0; path = "libPods-MyAnaliticsTests.a"; sourceTree = BUILT_PRODUCTS_DIR; };
		2A58BC4FB956E047F6667FBC /* libPods-MyAnalitics.a */ = {isa = PBXFileReference; explicitFileType = archive.ar; includeInIndex = 0; path = "libPods-MyAnalitics.a"; sourceTree = BUILT_PRODUCTS_DIR; };
		3FC3E21B92BE11DD9E55A794 /* Pods-MyAnalitics.release.xcconfig */ = {isa = PBXFileReference; includeInIndex = 1; lastKnownFileType = text.xcconfig; name = "Pods-MyAnalitics.release.xcconfig"; path = "Pods/Target Support Files/Pods-MyAnalitics/Pods-MyAnalitics.release.xcconfig"; sourceTree = "<group>"; };
		6640AEDCF29C85643C621675 /* Pods-MyAnaliticsTests.debug.xcconfig */ = {isa = PBXFileReference; includeInIndex = 1; lastKnownFileType = text.xcconfig; name = "Pods-MyAnaliticsTests.debug.xcconfig"; path = "Pods/Target Support Files/Pods-MyAnaliticsTests/Pods-MyAnaliticsTests.debug.xcconfig"; sourceTree = "<group>"; };
		7AAA4A45174C70169B3222EC /* Pods-MyAnalitics.debug.xcconfig */ = {isa = PBXFileReference; includeInIndex = 1; lastKnownFileType = text.xcconfig; name = "Pods-MyAnalitics.debug.xcconfig"; path = "Pods/Target Support Files/Pods-MyAnalitics/Pods-MyAnalitics.debug.xcconfig"; sourceTree = "<group>"; };
		8DD1DCE5037AD8238ECC6402 /* Pods-MyAnaliticsUITests.release.xcconfig */ = {isa = PBXFileReference; includeInIndex = 1; lastKnownFileType = text.xcconfig; name = "Pods-MyAnaliticsUITests.release.xcconfig"; path = "Pods/Target Support Files/Pods-MyAnaliticsUITests/Pods-MyAnaliticsUITests.release.xcconfig"; sourceTree = "<group>"; };
		B26060B79EE884E4A52143CD /* Pods-MyAnaliticsTests.release.xcconfig */ = {isa = PBXFileReference; includeInIndex = 1; lastKnownFileType = text.xcconfig; name = "Pods-MyAnaliticsTests.release.xcconfig"; path = "Pods/Target Support Files/Pods-MyAnaliticsTests/Pods-MyAnaliticsTests.release.xcconfig"; sourceTree = "<group>"; };
		D74A02771FA154FE00C95CA7 /* MyAnalitics.app */ = {isa = PBXFileReference; explicitFileType = wrapper.application; includeInIndex = 0; path = MyAnalitics.app; sourceTree = BUILT_PRODUCTS_DIR; };
		D74A027B1FA154FE00C95CA7 /* main.m */ = {isa = PBXFileReference; lastKnownFileType = sourcecode.c.objc; path = main.m; sourceTree = "<group>"; };
		D74A027D1FA154FE00C95CA7 /* AppDelegate.h */ = {isa = PBXFileReference; lastKnownFileType = sourcecode.c.h; path = AppDelegate.h; sourceTree = "<group>"; };
		D74A027E1FA154FE00C95CA7 /* AppDelegate.m */ = {isa = PBXFileReference; lastKnownFileType = sourcecode.c.objc; path = AppDelegate.m; sourceTree = "<group>"; };
		D74A02801FA154FE00C95CA7 /* Home.h */ = {isa = PBXFileReference; lastKnownFileType = sourcecode.c.h; path = Home.h; sourceTree = "<group>"; };
		D74A02811FA154FE00C95CA7 /* Home.m */ = {isa = PBXFileReference; lastKnownFileType = sourcecode.c.objc; path = Home.m; sourceTree = "<group>"; };
		D74A02841FA154FE00C95CA7 /* Base */ = {isa = PBXFileReference; lastKnownFileType = file.storyboard; name = Base; path = Base.lproj/Main.storyboard; sourceTree = "<group>"; };
		D74A02861FA154FE00C95CA7 /* Assets.xcassets */ = {isa = PBXFileReference; lastKnownFileType = folder.assetcatalog; path = Assets.xcassets; sourceTree = "<group>"; };
		D74A02891FA154FE00C95CA7 /* Base */ = {isa = PBXFileReference; lastKnownFileType = file.storyboard; name = Base; path = Base.lproj/LaunchScreen.storyboard; sourceTree = "<group>"; };
		D74A028B1FA154FE00C95CA7 /* Info.plist */ = {isa = PBXFileReference; lastKnownFileType = text.plist.xml; path = Info.plist; sourceTree = "<group>"; };
		D74A02901FA154FF00C95CA7 /* MyAnaliticsTests.xctest */ = {isa = PBXFileReference; explicitFileType = wrapper.cfbundle; includeInIndex = 0; path = MyAnaliticsTests.xctest; sourceTree = BUILT_PRODUCTS_DIR; };
		D74A02941FA154FF00C95CA7 /* MyAnaliticsTests.m */ = {isa = PBXFileReference; lastKnownFileType = sourcecode.c.objc; path = MyAnaliticsTests.m; sourceTree = "<group>"; };
		D74A02961FA154FF00C95CA7 /* Info.plist */ = {isa = PBXFileReference; lastKnownFileType = text.plist.xml; path = Info.plist; sourceTree = "<group>"; };
		D74A029B1FA154FF00C95CA7 /* MyAnaliticsUITests.xctest */ = {isa = PBXFileReference; explicitFileType = wrapper.cfbundle; includeInIndex = 0; path = MyAnaliticsUITests.xctest; sourceTree = BUILT_PRODUCTS_DIR; };
		D74A029F1FA154FF00C95CA7 /* MyAnaliticsUITests.m */ = {isa = PBXFileReference; lastKnownFileType = sourcecode.c.objc; path = MyAnaliticsUITests.m; sourceTree = "<group>"; };
		D74A02A11FA154FF00C95CA7 /* Info.plist */ = {isa = PBXFileReference; lastKnownFileType = text.plist.xml; path = Info.plist; sourceTree = "<group>"; };
		D7FAF24F1FA158E300AFD5AA /* GoogleService-Info.plist */ = {isa = PBXFileReference; fileEncoding = 4; lastKnownFileType = text.plist.xml; path = "GoogleService-Info.plist"; sourceTree = "<group>"; };
		DE397FD7696929595DA5598B /* Pods-MyAnaliticsUITests.debug.xcconfig */ = {isa = PBXFileReference; includeInIndex = 1; lastKnownFileType = text.xcconfig; name = "Pods-MyAnaliticsUITests.debug.xcconfig"; path = "Pods/Target Support Files/Pods-MyAnaliticsUITests/Pods-MyAnaliticsUITests.debug.xcconfig"; sourceTree = "<group>"; };
		FA2318791FC61D438C7E04EE /* libPods-MyAnaliticsUITests.a */ = {isa = PBXFileReference; explicitFileType = archive.ar; includeInIndex = 0; path = "libPods-MyAnaliticsUITests.a"; sourceTree = BUILT_PRODUCTS_DIR; };
/* End PBXFileReference section */

/* Begin PBXFrameworksBuildPhase section */
		D74A02741FA154FE00C95CA7 /* Frameworks */ = {
			isa = PBXFrameworksBuildPhase;
			buildActionMask = 2147483647;
			files = (
				09E1678084BEBBEFC8273C2B /* libPods-MyAnalitics.a in Frameworks */,
			);
			runOnlyForDeploymentPostprocessing = 0;
		};
		D74A028D1FA154FF00C95CA7 /* Frameworks */ = {
			isa = PBXFrameworksBuildPhase;
			buildActionMask = 2147483647;
			files = (
				AEE097674E693339DFCAA104 /* libPods-MyAnaliticsTests.a in Frameworks */,
			);
			runOnlyForDeploymentPostprocessing = 0;
		};
		D74A02981FA154FF00C95CA7 /* Frameworks */ = {
			isa = PBXFrameworksBuildPhase;
			buildActionMask = 2147483647;
			files = (
				01EDF8A8E374A0D612CEE5E2 /* libPods-MyAnaliticsUITests.a in Frameworks */,
			);
			runOnlyForDeploymentPostprocessing = 0;
		};
/* End PBXFrameworksBuildPhase section */

/* Begin PBXGroup section */
		7C05F5C92701E23903971A8F /* Pods */ = {
			isa = PBXGroup;
			children = (
				7AAA4A45174C70169B3222EC /* Pods-MyAnalitics.debug.xcconfig */,
				3FC3E21B92BE11DD9E55A794 /* Pods-MyAnalitics.release.xcconfig */,
				6640AEDCF29C85643C621675 /* Pods-MyAnaliticsTests.debug.xcconfig */,
				B26060B79EE884E4A52143CD /* Pods-MyAnaliticsTests.release.xcconfig */,
				DE397FD7696929595DA5598B /* Pods-MyAnaliticsUITests.debug.xcconfig */,
				8DD1DCE5037AD8238ECC6402 /* Pods-MyAnaliticsUITests.release.xcconfig */,
			);
			name = Pods;
			sourceTree = "<group>";
		};
		A966C78F90EADC37526D44A7 /* Frameworks */ = {
			isa = PBXGroup;
			children = (
				2A58BC4FB956E047F6667FBC /* libPods-MyAnalitics.a */,
				0743AF1370FD3577199CC046 /* libPods-MyAnaliticsTests.a */,
				FA2318791FC61D438C7E04EE /* libPods-MyAnaliticsUITests.a */,
			);
			name = Frameworks;
			sourceTree = "<group>";
		};
		D74A026E1FA154FE00C95CA7 = {
			isa = PBXGroup;
			children = (
				D74A02791FA154FE00C95CA7 /* MyAnalitics */,
				D74A02931FA154FF00C95CA7 /* MyAnaliticsTests */,
				D74A029E1FA154FF00C95CA7 /* MyAnaliticsUITests */,
				D74A02781FA154FE00C95CA7 /* Products */,
				7C05F5C92701E23903971A8F /* Pods */,
				A966C78F90EADC37526D44A7 /* Frameworks */,
			);
			sourceTree = "<group>";
		};
		D74A02781FA154FE00C95CA7 /* Products */ = {
			isa = PBXGroup;
			children = (
				D74A02771FA154FE00C95CA7 /* MyAnalitics.app */,
				D74A02901FA154FF00C95CA7 /* MyAnaliticsTests.xctest */,
				D74A029B1FA154FF00C95CA7 /* MyAnaliticsUITests.xctest */,
			);
			name = Products;
			sourceTree = "<group>";
		};
		D74A02791FA154FE00C95CA7 /* MyAnalitics */ = {
			isa = PBXGroup;
			children = (
				D74A02AE1FA1556600C95CA7 /* Main */,
				D74A02AD1FA1550D00C95CA7 /* Controller */,
				D74A02831FA154FE00C95CA7 /* Main.storyboard */,
				D7FAF24F1FA158E300AFD5AA /* GoogleService-Info.plist */,
				D74A02861FA154FE00C95CA7 /* Assets.xcassets */,
				D74A02881FA154FE00C95CA7 /* LaunchScreen.storyboard */,
				D74A028B1FA154FE00C95CA7 /* Info.plist */,
				D74A027A1FA154FE00C95CA7 /* Supporting Files */,
			);
			path = MyAnalitics;
			sourceTree = "<group>";
		};
		D74A027A1FA154FE00C95CA7 /* Supporting Files */ = {
			isa = PBXGroup;
			children = (
				D74A027B1FA154FE00C95CA7 /* main.m */,
			);
			name = "Supporting Files";
			sourceTree = "<group>";
		};
		D74A02931FA154FF00C95CA7 /* MyAnaliticsTests */ = {
			isa = PBXGroup;
			children = (
				D74A02941FA154FF00C95CA7 /* MyAnaliticsTests.m */,
				D74A02961FA154FF00C95CA7 /* Info.plist */,
			);
			path = MyAnaliticsTests;
			sourceTree = "<group>";
		};
		D74A029E1FA154FF00C95CA7 /* MyAnaliticsUITests */ = {
			isa = PBXGroup;
			children = (
				D74A029F1FA154FF00C95CA7 /* MyAnaliticsUITests.m */,
				D74A02A11FA154FF00C95CA7 /* Info.plist */,
			);
			path = MyAnaliticsUITests;
			sourceTree = "<group>";
		};
		D74A02AD1FA1550D00C95CA7 /* Controller */ = {
			isa = PBXGroup;
			children = (
				D74A02801FA154FE00C95CA7 /* Home.h */,
				D74A02811FA154FE00C95CA7 /* Home.m */,
			);
			name = Controller;
			sourceTree = "<group>";
		};
		D74A02AE1FA1556600C95CA7 /* Main */ = {
			isa = PBXGroup;
			children = (
				D74A027D1FA154FE00C95CA7 /* AppDelegate.h */,
				D74A027E1FA154FE00C95CA7 /* AppDelegate.m */,
			);
			name = Main;
			sourceTree = "<group>";
		};
/* End PBXGroup section */

/* Begin PBXNativeTarget section */
		D74A02761FA154FE00C95CA7 /* MyAnalitics */ = {
			isa = PBXNativeTarget;
			buildConfigurationList = D74A02A41FA154FF00C95CA7 /* Build configuration list for PBXNativeTarget "MyAnalitics" */;
			buildPhases = (
				30F04F98E69946A2753A612E /* [CP] Check Pods Manifest.lock */,
				D74A02731FA154FE00C95CA7 /* Sources */,
				D74A02741FA154FE00C95CA7 /* Frameworks */,
				D74A02751FA154FE00C95CA7 /* Resources */,
				4AF520FAB6355BEF60D284B4 /* [CP] Embed Pods Frameworks */,
				801E4CE9DF679A60D9A51409 /* [CP] Copy Pods Resources */,
			);
			buildRules = (
			);
			dependencies = (
			);
			name = MyAnalitics;
			productName = MyAnalitics;
			productReference = D74A02771FA154FE00C95CA7 /* MyAnalitics.app */;
			productType = "com.apple.product-type.application";
		};
		D74A028F1FA154FF00C95CA7 /* MyAnaliticsTests */ = {
			isa = PBXNativeTarget;
			buildConfigurationList = D74A02A71FA154FF00C95CA7 /* Build configuration list for PBXNativeTarget "MyAnaliticsTests" */;
			buildPhases = (
				64412FE6BD6AECD6EDB27C3E /* [CP] Check Pods Manifest.lock */,
				D74A028C1FA154FF00C95CA7 /* Sources */,
				D74A028D1FA154FF00C95CA7 /* Frameworks */,
				D74A028E1FA154FF00C95CA7 /* Resources */,
				7E9009C2602E993090F0C96B /* [CP] Embed Pods Frameworks */,
				96D771E130C3C4CE9DF0AEFE /* [CP] Copy Pods Resources */,
			);
			buildRules = (
			);
			dependencies = (
				D74A02921FA154FF00C95CA7 /* PBXTargetDependency */,
			);
			name = MyAnaliticsTests;
			productName = MyAnaliticsTests;
			productReference = D74A02901FA154FF00C95CA7 /* MyAnaliticsTests.xctest */;
			productType = "com.apple.product-type.bundle.unit-test";
		};
		D74A029A1FA154FF00C95CA7 /* MyAnaliticsUITests */ = {
			isa = PBXNativeTarget;
			buildConfigurationList = D74A02AA1FA154FF00C95CA7 /* Build configuration list for PBXNativeTarget "MyAnaliticsUITests" */;
			buildPhases = (
				89078D2A785A728C7A02C2E8 /* [CP] Check Pods Manifest.lock */,
				D74A02971FA154FF00C95CA7 /* Sources */,
				D74A02981FA154FF00C95CA7 /* Frameworks */,
				D74A02991FA154FF00C95CA7 /* Resources */,
				A52AD638CA993CBD549B1BEB /* [CP] Embed Pods Frameworks */,
				19AFD81628247D721E602816 /* [CP] Copy Pods Resources */,
			);
			buildRules = (
			);
			dependencies = (
				D74A029D1FA154FF00C95CA7 /* PBXTargetDependency */,
			);
			name = MyAnaliticsUITests;
			productName = MyAnaliticsUITests;
			productReference = D74A029B1FA154FF00C95CA7 /* MyAnaliticsUITests.xctest */;
			productType = "com.apple.product-type.bundle.ui-testing";
		};
/* End PBXNativeTarget section */

/* Begin PBXProject section */
		D74A026F1FA154FE00C95CA7 /* Project object */ = {
			isa = PBXProject;
			attributes = {
				LastUpgradeCheck = 0830;
				ORGANIZATIONNAME = silver;
				TargetAttributes = {
					D74A02761FA154FE00C95CA7 = {
						CreatedOnToolsVersion = 8.3.3;
						ProvisioningStyle = Automatic;
					};
					D74A028F1FA154FF00C95CA7 = {
						CreatedOnToolsVersion = 8.3.3;
						ProvisioningStyle = Automatic;
						TestTargetID = D74A02761FA154FE00C95CA7;
					};
					D74A029A1FA154FF00C95CA7 = {
						CreatedOnToolsVersion = 8.3.3;
						ProvisioningStyle = Automatic;
						TestTargetID = D74A02761FA154FE00C95CA7;
					};
				};
			};
			buildConfigurationList = D74A02721FA154FE00C95CA7 /* Build configuration list for PBXProject "MyAnalitics" */;
			compatibilityVersion = "Xcode 3.2";
			developmentRegion = English;
			hasScannedForEncodings = 0;
			knownRegions = (
				en,
				Base,
			);
			mainGroup = D74A026E1FA154FE00C95CA7;
			productRefGroup = D74A02781FA154FE00C95CA7 /* Products */;
			projectDirPath = "";
			projectRoot = "";
			targets = (
				D74A02761FA154FE00C95CA7 /* MyAnalitics */,
				D74A028F1FA154FF00C95CA7 /* MyAnaliticsTests */,
				D74A029A1FA154FF00C95CA7 /* MyAnaliticsUITests */,
			);
		};
/* End PBXProject section */

/* Begin PBXResourcesBuildPhase section */
		D74A02751FA154FE00C95CA7 /* Resources */ = {
			isa = PBXResourcesBuildPhase;
			buildActionMask = 2147483647;
			files = (
				D74A028A1FA154FE00C95CA7 /* LaunchScreen.storyboard in Resources */,
				D7FAF2501FA158E300AFD5AA /* GoogleService-Info.plist in Resources */,
				D74A02871FA154FE00C95CA7 /* Assets.xcassets in Resources */,
				D74A02851FA154FE00C95CA7 /* Main.storyboard in Resources */,
			);
			runOnlyForDeploymentPostprocessing = 0;
		};
		D74A028E1FA154FF00C95CA7 /* Resources */ = {
			isa = PBXResourcesBuildPhase;
			buildActionMask = 2147483647;
			files = (
			);
			runOnlyForDeploymentPostprocessing = 0;
		};
		D74A02991FA154FF00C95CA7 /* Resources */ = {
			isa = PBXResourcesBuildPhase;
			buildActionMask = 2147483647;
			files = (
			);
			runOnlyForDeploymentPostprocessing = 0;
		};
/* End PBXResourcesBuildPhase section */

/* Begin PBXShellScriptBuildPhase section */
		19AFD81628247D721E602816 /* [CP] Copy Pods Resources */ = {
			isa = PBXShellScriptBuildPhase;
			buildActionMask = 2147483647;
			files = (
			);
			inputPaths = (
			);
			name = "[CP] Copy Pods Resources";
			outputPaths = (
			);
			runOnlyForDeploymentPostprocessing = 0;
			shellPath = /bin/sh;
			shellScript = "\"${SRCROOT}/Pods/Target Support Files/Pods-MyAnaliticsUITests/Pods-MyAnaliticsUITests-resources.sh\"\n";
			showEnvVarsInLog = 0;
		};
		30F04F98E69946A2753A612E /* [CP] Check Pods Manifest.lock */ = {
			isa = PBXShellScriptBuildPhase;
			buildActionMask = 2147483647;
			files = (
			);
			inputPaths = (
				"${PODS_PODFILE_DIR_PATH}/Podfile.lock",
				"${PODS_ROOT}/Manifest.lock",
			);
			name = "[CP] Check Pods Manifest.lock";
			outputPaths = (
				"$(DERIVED_FILE_DIR)/Pods-MyAnalitics-checkManifestLockResult.txt",
			);
			runOnlyForDeploymentPostprocessing = 0;
			shellPath = /bin/sh;
			shellScript = "diff \"${PODS_PODFILE_DIR_PATH}/Podfile.lock\" \"${PODS_ROOT}/Manifest.lock\" > /dev/null\nif [ $? != 0 ] ; then\n    # print error to STDERR\n    echo \"error: The sandbox is not in sync with the Podfile.lock. Run 'pod install' or update your CocoaPods installation.\" >&2\n    exit 1\nfi\n# This output is used by Xcode 'outputs' to avoid re-running this script phase.\necho \"SUCCESS\" > \"${SCRIPT_OUTPUT_FILE_0}\"\n";
			showEnvVarsInLog = 0;
		};
		4AF520FAB6355BEF60D284B4 /* [CP] Embed Pods Frameworks */ = {
			isa = PBXShellScriptBuildPhase;
			buildActionMask = 2147483647;
			files = (
			);
			inputPaths = (
			);
			name = "[CP] Embed Pods Frameworks";
			outputPaths = (
			);
			runOnlyForDeploymentPostprocessing = 0;
			shellPath = /bin/sh;
			shellScript = "\"${SRCROOT}/Pods/Target Support Files/Pods-MyAnalitics/Pods-MyAnalitics-frameworks.sh\"\n";
			showEnvVarsInLog = 0;
		};
		64412FE6BD6AECD6EDB27C3E /* [CP] Check Pods Manifest.lock */ = {
			isa = PBXShellScriptBuildPhase;
			buildActionMask = 2147483647;
			files = (
			);
			inputPaths = (
				"${PODS_PODFILE_DIR_PATH}/Podfile.lock",
				"${PODS_ROOT}/Manifest.lock",
			);
			name = "[CP] Check Pods Manifest.lock";
			outputPaths = (
				"$(DERIVED_FILE_DIR)/Pods-MyAnaliticsTests-checkManifestLockResult.txt",
			);
			runOnlyForDeploymentPostprocessing = 0;
			shellPath = /bin/sh;
			shellScript = "diff \"${PODS_PODFILE_DIR_PATH}/Podfile.lock\" \"${PODS_ROOT}/Manifest.lock\" > /dev/null\nif [ $? != 0 ] ; then\n    # print error to STDERR\n    echo \"error: The sandbox is not in sync with the Podfile.lock. Run 'pod install' or update your CocoaPods installation.\" >&2\n    exit 1\nfi\n# This output is used by Xcode 'outputs' to avoid re-running this script phase.\necho \"SUCCESS\" > \"${SCRIPT_OUTPUT_FILE_0}\"\n";
			showEnvVarsInLog = 0;
		};
		7E9009C2602E993090F0C96B /* [CP] Embed Pods Frameworks */ = {
			isa = PBXShellScriptBuildPhase;
			buildActionMask = 2147483647;
			files = (
			);
			inputPaths = (
			);
			name = "[CP] Embed Pods Frameworks";
			outputPaths = (
			);
			runOnlyForDeploymentPostprocessing = 0;
			shellPath = /bin/sh;
			shellScript = "\"${SRCROOT}/Pods/Target Support Files/Pods-MyAnaliticsTests/Pods-MyAnaliticsTests-frameworks.sh\"\n";
			showEnvVarsInLog = 0;
		};
		801E4CE9DF679A60D9A51409 /* [CP] Copy Pods Resources */ = {
			isa = PBXShellScriptBuildPhase;
			buildActionMask = 2147483647;
			files = (
			);
			inputPaths = (
			);
			name = "[CP] Copy Pods Resources";
			outputPaths = (
			);
			runOnlyForDeploymentPostprocessing = 0;
			shellPath = /bin/sh;
			shellScript = "\"${SRCROOT}/Pods/Target Support Files/Pods-MyAnalitics/Pods-MyAnalitics-resources.sh\"\n";
			showEnvVarsInLog = 0;
		};
		89078D2A785A728C7A02C2E8 /* [CP] Check Pods Manifest.lock */ = {
			isa = PBXShellScriptBuildPhase;
			buildActionMask = 2147483647;
			files = (
			);
			inputPaths = (
				"${PODS_PODFILE_DIR_PATH}/Podfile.lock",
				"${PODS_ROOT}/Manifest.lock",
			);
			name = "[CP] Check Pods Manifest.lock";
			outputPaths = (
				"$(DERIVED_FILE_DIR)/Pods-MyAnaliticsUITests-checkManifestLockResult.txt",
			);
			runOnlyForDeploymentPostprocessing = 0;
			shellPath = /bin/sh;
			shellScript = "diff \"${PODS_PODFILE_DIR_PATH}/Podfile.lock\" \"${PODS_ROOT}/Manifest.lock\" > /dev/null\nif [ $? != 0 ] ; then\n    # print error to STDERR\n    echo \"error: The sandbox is not in sync with the Podfile.lock. Run 'pod install' or update your CocoaPods installation.\" >&2\n    exit 1\nfi\n# This output is used by Xcode 'outputs' to avoid re-running this script phase.\necho \"SUCCESS\" > \"${SCRIPT_OUTPUT_FILE_0}\"\n";
			showEnvVarsInLog = 0;
		};
		96D771E130C3C4CE9DF0AEFE /* [CP] Copy Pods Resources */ = {
			isa = PBXShellScriptBuildPhase;
			buildActionMask = 2147483647;
			files = (
			);
			inputPaths = (
			);
			name = "[CP] Copy Pods Resources";
			outputPaths = (
			);
			runOnlyForDeploymentPostprocessing = 0;
			shellPath = /bin/sh;
			shellScript = "\"${SRCROOT}/Pods/Target Support Files/Pods-MyAnaliticsTests/Pods-MyAnaliticsTests-resources.sh\"\n";
			showEnvVarsInLog = 0;
		};
		A52AD638CA993CBD549B1BEB /* [CP] Embed Pods Frameworks */ = {
			isa = PBXShellScriptBuildPhase;
			buildActionMask = 2147483647;
			files = (
			);
			inputPaths = (
			);
			name = "[CP] Embed Pods Frameworks";
			outputPaths = (
			);
			runOnlyForDeploymentPostprocessing = 0;
			shellPath = /bin/sh;
			shellScript = "\"${SRCROOT}/Pods/Target Support Files/Pods-MyAnaliticsUITests/Pods-MyAnaliticsUITests-frameworks.sh\"\n";
			showEnvVarsInLog = 0;
		};
/* End PBXShellScriptBuildPhase section */

/* Begin PBXSourcesBuildPhase section */
		D74A02731FA154FE00C95CA7 /* Sources */ = {
			isa = PBXSourcesBuildPhase;
			buildActionMask = 2147483647;
			files = (
				D74A02821FA154FE00C95CA7 /* Home.m in Sources */,
				D74A027F1FA154FE00C95CA7 /* AppDelegate.m in Sources */,
				D74A027C1FA154FE00C95CA7 /* main.m in Sources */,
			);
			runOnlyForDeploymentPostprocessing = 0;
		};
		D74A028C1FA154FF00C95CA7 /* Sources */ = {
			isa = PBXSourcesBuildPhase;
			buildActionMask = 2147483647;
			files = (
				D74A02951FA154FF00C95CA7 /* MyAnaliticsTests.m in Sources */,
			);
			runOnlyForDeploymentPostprocessing = 0;
		};
		D74A02971FA154FF00C95CA7 /* Sources */ = {
			isa = PBXSourcesBuildPhase;
			buildActionMask = 2147483647;
			files = (
				D74A02A01FA154FF00C95CA7 /* MyAnaliticsUITests.m in Sources */,
			);
			runOnlyForDeploymentPostprocessing = 0;
		};
/* End PBXSourcesBuildPhase section */

/* Begin PBXTargetDependency section */
		D74A02921FA154FF00C95CA7 /* PBXTargetDependency */ = {
			isa = PBXTargetDependency;
			target = D74A02761FA154FE00C95CA7 /* MyAnalitics */;
			targetProxy = D74A02911FA154FF00C95CA7 /* PBXContainerItemProxy */;
		};
		D74A029D1FA154FF00C95CA7 /* PBXTargetDependency */ = {
			isa = PBXTargetDependency;
			target = D74A02761FA154FE00C95CA7 /* MyAnalitics */;
			targetProxy = D74A029C1FA154FF00C95CA7 /* PBXContainerItemProxy */;
		};
/* End PBXTargetDependency section */

/* Begin PBXVariantGroup section */
		D74A02831FA154FE00C95CA7 /* Main.storyboard */ = {
			isa = PBXVariantGroup;
			children = (
				D74A02841FA154FE00C95CA7 /* Base */,
			);
			name = Main.storyboard;
			sourceTree = "<group>";
		};
		D74A02881FA154FE00C95CA7 /* LaunchScreen.storyboard */ = {
			isa = PBXVariantGroup;
			children = (
				D74A02891FA154FE00C95CA7 /* Base */,
			);
			name = LaunchScreen.storyboard;
			sourceTree = "<group>";
		};
/* End PBXVariantGroup section */

/* Begin XCBuildConfiguration section */
		D74A02A21FA154FF00C95CA7 /* Debug */ = {
			isa = XCBuildConfiguration;
			buildSettings = {
				ALWAYS_SEARCH_USER_PATHS = NO;
				CLANG_ANALYZER_NONNULL = YES;
				CLANG_ANALYZER_NUMBER_OBJECT_CONVERSION = YES_AGGRESSIVE;
				CLANG_CXX_LANGUAGE_STANDARD = "gnu++0x";
				CLANG_CXX_LIBRARY = "libc++";
				CLANG_ENABLE_MODULES = YES;
				CLANG_ENABLE_OBJC_ARC = YES;
				CLANG_WARN_BOOL_CONVERSION = YES;
				CLANG_WARN_CONSTANT_CONVERSION = YES;
				CLANG_WARN_DIRECT_OBJC_ISA_USAGE = YES_ERROR;
				CLANG_WARN_DOCUMENTATION_COMMENTS = YES;
				CLANG_WARN_EMPTY_BODY = YES;
				CLANG_WARN_ENUM_CONVERSION = YES;
				CLANG_WARN_INFINITE_RECURSION = YES;
				CLANG_WARN_INT_CONVERSION = YES;
				CLANG_WARN_OBJC_ROOT_CLASS = YES_ERROR;
				CLANG_WARN_SUSPICIOUS_MOVE = YES;
				CLANG_WARN_UNREACHABLE_CODE = YES;
				CLANG_WARN__DUPLICATE_METHOD_MATCH = YES;
				"CODE_SIGN_IDENTITY[sdk=iphoneos*]" = "iPhone Developer";
				COPY_PHASE_STRIP = NO;
				DEBUG_INFORMATION_FORMAT = dwarf;
				ENABLE_STRICT_OBJC_MSGSEND = YES;
				ENABLE_TESTABILITY = YES;
				GCC_C_LANGUAGE_STANDARD = gnu99;
				GCC_DYNAMIC_NO_PIC = NO;
				GCC_NO_COMMON_BLOCKS = YES;
				GCC_OPTIMIZATION_LEVEL = 0;
				GCC_PREPROCESSOR_DEFINITIONS = (
					"DEBUG=1",
					"$(inherited)",
				);
				GCC_WARN_64_TO_32_BIT_CONVERSION = YES;
				GCC_WARN_ABOUT_RETURN_TYPE = YES_ERROR;
				GCC_WARN_UNDECLARED_SELECTOR = YES;
				GCC_WARN_UNINITIALIZED_AUTOS = YES_AGGRESSIVE;
				GCC_WARN_UNUSED_FUNCTION = YES;
				GCC_WARN_UNUSED_VARIABLE = YES;
				IPHONEOS_DEPLOYMENT_TARGET = 10.3;
				MTL_ENABLE_DEBUG_INFO = YES;
				ONLY_ACTIVE_ARCH = YES;
				SDKROOT = iphoneos;
			};
			name = Debug;
		};
		D74A02A31FA154FF00C95CA7 /* Release */ = {
			isa = XCBuildConfiguration;
			buildSettings = {
				ALWAYS_SEARCH_USER_PATHS = NO;
				CLANG_ANALYZER_NONNULL = YES;
				CLANG_ANALYZER_NUMBER_OBJECT_CONVERSION = YES_AGGRESSIVE;
				CLANG_CXX_LANGUAGE_STANDARD = "gnu++0x";
				CLANG_CXX_LIBRARY = "libc++";
				CLANG_ENABLE_MODULES = YES;
				CLANG_ENABLE_OBJC_ARC = YES;
				CLANG_WARN_BOOL_CONVERSION = YES;
				CLANG_WARN_CONSTANT_CONVERSION = YES;
				CLANG_WARN_DIRECT_OBJC_ISA_USAGE = YES_ERROR;
				CLANG_WARN_DOCUMENTATION_COMMENTS = YES;
				CLANG_WARN_EMPTY_BODY = YES;
				CLANG_WARN_ENUM_CONVERSION = YES;
				CLANG_WARN_INFINITE_RECURSION = YES;
				CLANG_WARN_INT_CONVERSION = YES;
				CLANG_WARN_OBJC_ROOT_CLASS = YES_ERROR;
				CLANG_WARN_SUSPICIOUS_MOVE = YES;
				CLANG_WARN_UNREACHABLE_CODE = YES;
				CLANG_WARN__DUPLICATE_METHOD_MATCH = YES;
				"CODE_SIGN_IDENTITY[sdk=iphoneos*]" = "iPhone Developer";
				COPY_PHASE_STRIP = NO;
				DEBUG_INFORMATION_FORMAT = "dwarf-with-dsym";
				ENABLE_NS_ASSERTIONS = NO;
				ENABLE_STRICT_OBJC_MSGSEND = YES;
				GCC_C_LANGUAGE_STANDARD = gnu99;
				GCC_NO_COMMON_BLOCKS = YES;
				GCC_WARN_64_TO_32_BIT_CONVERSION = YES;
				GCC_WARN_ABOUT_RETURN_TYPE = YES_ERROR;
				GCC_WARN_UNDECLARED_SELECTOR = YES;
				GCC_WARN_UNINITIALIZED_AUTOS = YES_AGGRESSIVE;
				GCC_WARN_UNUSED_FUNCTION = YES;
				GCC_WARN_UNUSED_VARIABLE = YES;
				IPHONEOS_DEPLOYMENT_TARGET = 10.3;
				MTL_ENABLE_DEBUG_INFO = NO;
				SDKROOT = iphoneos;
				VALIDATE_PRODUCT = YES;
			};
			name = Release;
		};
		D74A02A51FA154FF00C95CA7 /* Debug */ = {
			isa = XCBuildConfiguration;
			baseConfigurationReference = 7AAA4A45174C70169B3222EC /* Pods-MyAnalitics.debug.xcconfig */;
			buildSettings = {
				ASSETCATALOG_COMPILER_APPICON_NAME = AppIcon;
				INFOPLIST_FILE = MyAnalitics/Info.plist;
				LD_RUNPATH_SEARCH_PATHS = "$(inherited) @executable_path/Frameworks";
				PRODUCT_BUNDLE_IDENTIFIER = com.silver.MyAnalitics;
				PRODUCT_NAME = "$(TARGET_NAME)";
			};
			name = Debug;
		};
		D74A02A61FA154FF00C95CA7 /* Release */ = {
			isa = XCBuildConfiguration;
			baseConfigurationReference = 3FC3E21B92BE11DD9E55A794 /* Pods-MyAnalitics.release.xcconfig */;
			buildSettings = {
				ASSETCATALOG_COMPILER_APPICON_NAME = AppIcon;
				INFOPLIST_FILE = MyAnalitics/Info.plist;
				LD_RUNPATH_SEARCH_PATHS = "$(inherited) @executable_path/Frameworks";
				PRODUCT_BUNDLE_IDENTIFIER = com.silver.MyAnalitics;
				PRODUCT_NAME = "$(TARGET_NAME)";
			};
			name = Release;
		};
		D74A02A81FA154FF00C95CA7 /* Debug */ = {
			isa = XCBuildConfiguration;
			baseConfigurationReference = 6640AEDCF29C85643C621675 /* Pods-MyAnaliticsTests.debug.xcconfig */;
			buildSettings = {
				BUNDLE_LOADER = "$(TEST_HOST)";
				INFOPLIST_FILE = MyAnaliticsTests/Info.plist;
				LD_RUNPATH_SEARCH_PATHS = "$(inherited) @executable_path/Frameworks @loader_path/Frameworks";
				PRODUCT_BUNDLE_IDENTIFIER = com.silver.MyAnaliticsTests;
				PRODUCT_NAME = "$(TARGET_NAME)";
				TEST_HOST = "$(BUILT_PRODUCTS_DIR)/MyAnalitics.app/MyAnalitics";
			};
			name = Debug;
		};
		D74A02A91FA154FF00C95CA7 /* Release */ = {
			isa = XCBuildConfiguration;
			baseConfigurationReference = B26060B79EE884E4A52143CD /* Pods-MyAnaliticsTests.release.xcconfig */;
			buildSettings = {
				BUNDLE_LOADER = "$(TEST_HOST)";
				INFOPLIST_FILE = MyAnaliticsTests/Info.plist;
				LD_RUNPATH_SEARCH_PATHS = "$(inherited) @executable_path/Frameworks @loader_path/Frameworks";
				PRODUCT_BUNDLE_IDENTIFIER = com.silver.MyAnaliticsTests;
				PRODUCT_NAME = "$(TARGET_NAME)";
				TEST_HOST = "$(BUILT_PRODUCTS_DIR)/MyAnalitics.app/MyAnalitics";
			};
			name = Release;
		};
		D74A02AB1FA154FF00C95CA7 /* Debug */ = {
			isa = XCBuildConfiguration;
			baseConfigurationReference = DE397FD7696929595DA5598B /* Pods-MyAnaliticsUITests.debug.xcconfig */;
			buildSettings = {
				INFOPLIST_FILE = MyAnaliticsUITests/Info.plist;
				LD_RUNPATH_SEARCH_PATHS = "$(inherited) @executable_path/Frameworks @loader_path/Frameworks";
				PRODUCT_BUNDLE_IDENTIFIER = com.silver.MyAnaliticsUITests;
				PRODUCT_NAME = "$(TARGET_NAME)";
				TEST_TARGET_NAME = MyAnalitics;
			};
			name = Debug;
		};
		D74A02AC1FA154FF00C95CA7 /* Release */ = {
			isa = XCBuildConfiguration;
			baseConfigurationReference = 8DD1DCE5037AD8238ECC6402 /* Pods-MyAnaliticsUITests.release.xcconfig */;
			buildSettings = {
				INFOPLIST_FILE = MyAnaliticsUITests/Info.plist;
				LD_RUNPATH_SEARCH_PATHS = "$(inherited) @executable_path/Frameworks @loader_path/Frameworks";
				PRODUCT_BUNDLE_IDENTIFIER = com.silver.MyAnaliticsUITests;
				PRODUCT_NAME = "$(TARGET_NAME)";
				TEST_TARGET_NAME = MyAnalitics;
			};
			name = Release;
		};
/* End XCBuildConfiguration section */

/* Begin XCConfigurationList section */
		D74A02721FA154FE00C95CA7 /* Build configuration list for PBXProject "MyAnalitics" */ = {
			isa = XCConfigurationList;
			buildConfigurations = (
				D74A02A21FA154FF00C95CA7 /* Debug */,
				D74A02A31FA154FF00C95CA7 /* Release */,
			);
			defaultConfigurationIsVisible = 0;
			defaultConfigurationName = Release;
		};
		D74A02A41FA154FF00C95CA7 /* Build configuration list for PBXNativeTarget "MyAnalitics" */ = {
			isa = XCConfigurationList;
			buildConfigurations = (
				D74A02A51FA154FF00C95CA7 /* Debug */,
				D74A02A61FA154FF00C95CA7 /* Release */,
			);
			defaultConfigurationIsVisible = 0;
			defaultConfigurationName = Release;
		};
		D74A02A71FA154FF00C95CA7 /* Build configuration list for PBXNativeTarget "MyAnaliticsTests" */ = {
			isa = XCConfigurationList;
			buildConfigurations = (
				D74A02A81FA154FF00C95CA7 /* Debug */,
				D74A02A91FA154FF00C95CA7 /* Release */,
			);
			defaultConfigurationIsVisible = 0;
			defaultConfigurationName = Release;
		};
		D74A02AA1FA154FF00C95CA7 /* Build configuration list for PBXNativeTarget "MyAnaliticsUITests" */ = {
			isa = XCConfigurationList;
			buildConfigurations = (
				D74A02AB1FA154FF00C95CA7 /* Debug */,
				D74A02AC1FA154FF00C95CA7 /* Release */,
			);
			defaultConfigurationIsVisible = 0;
			defaultConfigurationName = Release;
		};
/* End XCConfigurationList section */
	};
	rootObject = D74A026F1FA154FE00C95CA7 /* Project object */;
}
